{
    "symfony/phpunit-bridge": {
        "version": "5.1",
        "recipe": {
            "repo": "github.com/symfony/recipes",
            "branch": "master",
            "version": "5.1",
            "ref": "bf16921ef8309a81d9f046e9b6369c46bcbd031f"
        },
        "files": [
            "./.env.test",
            "./bin/phpunit",
            "./phpunit.xml.dist",
            "./tests/bootstrap.php"
        ]
    },
    "symfony/test-pack": {
        "version": "v1.0.7"
    }
}
